// !$*UTF8*$!
{
	archiveVersion = 1;
	classes = {
	};
	objectVersion = 46;
	objects = {

/* Begin PBXBuildFile section */
		0DAA79B41A0CA56A0041CD06 /* AppDelegate.swift in Sources */ = {isa = PBXBuildFile; fileRef = 0DAA79B31A0CA56A0041CD06 /* AppDelegate.swift */; };
		0DAA79B61A0CA56A0041CD06 /* ViewController.swift in Sources */ = {isa = PBXBuildFile; fileRef = 0DAA79B51A0CA56A0041CD06 /* ViewController.swift */; };
		0DAA79B91A0CA56A0041CD06 /* Main.storyboard in Resources */ = {isa = PBXBuildFile; fileRef = 0DAA79B71A0CA56A0041CD06 /* Main.storyboard */; };
		0DAA79BB1A0CA56A0041CD06 /* Images.xcassets in Resources */ = {isa = PBXBuildFile; fileRef = 0DAA79BA1A0CA56A0041CD06 /* Images.xcassets */; };
		0DAA79BE1A0CA56A0041CD06 /* LaunchScreen.xib in Resources */ = {isa = PBXBuildFile; fileRef = 0DAA79BC1A0CA56A0041CD06 /* LaunchScreen.xib */; };
		0DAA79CA1A0CA56A0041CD06 /* UnitConverterTests.swift in Sources */ = {isa = PBXBuildFile; fileRef = 0DAA79C91A0CA56A0041CD06 /* UnitConverterTests.swift */; };
/* End PBXBuildFile section */

/* Begin PBXContainerItemProxy section */
		0DAA79C41A0CA56A0041CD06 /* PBXContainerItemProxy */ = {
			isa = PBXContainerItemProxy;
			containerPortal = 0DAA79A61A0CA56A0041CD06 /* Project object */;
			proxyType = 1;
			remoteGlobalIDString = 0DAA79AD1A0CA56A0041CD06;
			remoteInfo = UnitConverter;
		};
/* End PBXContainerItemProxy section */

/* Begin PBXFileReference section */
		0DAA79AE1A0CA56A0041CD06 /* UnitConverter.app */ = {isa = PBXFileReference; explicitFileType = wrapper.application; includeInIndex = 0; path = UnitConverter.app; sourceTree = BUILT_PRODUCTS_DIR; };
		0DAA79B21A0CA56A0041CD06 /* Info.plist */ = {isa = PBXFileReference; lastKnownFileType = text.plist.xml; path = Info.plist; sourceTree = "<group>"; };
		0DAA79B31A0CA56A0041CD06 /* AppDelegate.swift */ = {isa = PBXFileReference; lastKnownFileType = sourcecode.swift; path = AppDelegate.swift; sourceTree = "<group>"; };
		0DAA79B51A0CA56A0041CD06 /* ViewController.swift */ = {isa = PBXFileReference; lastKnownFileType = sourcecode.swift; path = ViewController.swift; sourceTree = "<group>"; };
		0DAA79B81A0CA56A0041CD06 /* Base */ = {isa = PBXFileReference; lastKnownFileType = file.storyboard; name = Base; path = Base.lproj/Main.storyboard; sourceTree = "<group>"; };
		0DAA79BA1A0CA56A0041CD06 /* Images.xcassets */ = {isa = PBXFileReference; lastKnownFileType = folder.assetcatalog; path = Images.xcassets; sourceTree = "<group>"; };
		0DAA79BD1A0CA56A0041CD06 /* Base */ = {isa = PBXFileReference; lastKnownFileType = file.xib; name = Base; path = Base.lproj/LaunchScreen.xib; sourceTree = "<group>"; };
		0DAA79C31A0CA56A0041CD06 /* UnitConverterTests.xctest */ = {isa = PBXFileReference; explicitFileType = wrapper.cfbundle; includeInIndex = 0; path = UnitConverterTests.xctest; sourceTree = BUILT_PRODUCTS_DIR; };
		0DAA79C81A0CA56A0041CD06 /* Info.plist */ = {isa = PBXFileReference; lastKnownFileType = text.plist.xml; path = Info.plist; sourceTree = "<group>"; };
		0DAA79C91A0CA56A0041CD06 /* UnitConverterTests.swift */ = {isa = PBXFileReference; lastKnownFileType = sourcecode.swift; path = UnitConverterTests.swift; sourceTree = "<group>"; };
/* End PBXFileReference section */

/* Begin PBXFrameworksBuildPhase section */
		0DAA79AB1A0CA56A0041CD06 /* Frameworks */ = {
			isa = PBXFrameworksBuildPhase;
			buildActionMask = 2147483647;
			files = (
			);
			runOnlyForDeploymentPostprocessing = 0;
		};
		0DAA79C01A0CA56A0041CD06 /* Frameworks */ = {
			isa = PBXFrameworksBuildPhase;
			buildActionMask = 2147483647;
			files = (
			);
			runOnlyForDeploymentPostprocessing = 0;
		};
/* End PBXFrameworksBuildPhase section */

/* Begin PBXGroup section */
		0DAA79A51A0CA56A0041CD06 = {
			isa = PBXGroup;
			children = (
				0DAA79B01A0CA56A0041CD06 /* UnitConverter */,
				0DAA79C61A0CA56A0041CD06 /* UnitConverterTests */,
				0DAA79AF1A0CA56A0041CD06 /* Products */,
			);
			sourceTree = "<group>";
		};
		0DAA79AF1A0CA56A0041CD06 /* Products */ = {
			isa = PBXGroup;
			children = (
				0DAA79AE1A0CA56A0041CD06 /* UnitConverter.app */,
				0DAA79C31A0CA56A0041CD06 /* UnitConverterTests.xctest */,
			);
			name = Products;
			sourceTree = "<group>";
		};
		0DAA79B01A0CA56A0041CD06 /* UnitConverter */ = {
			isa = PBXGroup;
			children = (
				0DAA79B31A0CA56A0041CD06 /* AppDelegate.swift */,
				0DAA79B51A0CA56A0041CD06 /* ViewController.swift */,
				0DAA79B71A0CA56A0041CD06 /* Main.storyboard */,
				0DAA79BA1A0CA56A0041CD06 /* Images.xcassets */,
				0DAA79BC1A0CA56A0041CD06 /* LaunchScreen.xib */,
				0DAA79B11A0CA56A0041CD06 /* Supporting Files */,
			);
			path = UnitConverter;
			sourceTree = "<group>";
		};
		0DAA79B11A0CA56A0041CD06 /* Supporting Files */ = {
			isa = PBXGroup;
			children = (
				0DAA79B21A0CA56A0041CD06 /* Info.plist */,
			);
			name = "Supporting Files";
			sourceTree = "<group>";
		};
		0DAA79C61A0CA56A0041CD06 /* UnitConverterTests */ = {
			isa = PBXGroup;
			children = (
				0DAA79C91A0CA56A0041CD06 /* UnitConverterTests.swift */,
				0DAA79C71A0CA56A0041CD06 /* Supporting Files */,
			);
			path = UnitConverterTests;
			sourceTree = "<group>";
		};
		0DAA79C71A0CA56A0041CD06 /* Supporting Files */ = {
			isa = PBXGroup;
			children = (
				0DAA79C81A0CA56A0041CD06 /* Info.plist */,
			);
			name = "Supporting Files";
			sourceTree = "<group>";
		};
/* End PBXGroup section */

/* Begin PBXNativeTarget section */
		0DAA79AD1A0CA56A0041CD06 /* UnitConverter */ = {
			isa = PBXNativeTarget;
			buildConfigurationList = 0DAA79CD1A0CA56A0041CD06 /* Build configuration list for PBXNativeTarget "UnitConverter" */;
			buildPhases = (
				0DAA79AA1A0CA56A0041CD06 /* Sources */,
				0DAA79AB1A0CA56A0041CD06 /* Frameworks */,
				0DAA79AC1A0CA56A0041CD06 /* Resources */,
			);
			buildRules = (
			);
			dependencies = (
			);
			name = UnitConverter;
			productName = UnitConverter;
			productReference = 0DAA79AE1A0CA56A0041CD06 /* UnitConverter.app */;
			productType = "com.apple.product-type.application";
		};
		0DAA79C21A0CA56A0041CD06 /* UnitConverterTests */ = {
			isa = PBXNativeTarget;
			buildConfigurationList = 0DAA79D01A0CA56A0041CD06 /* Build configuration list for PBXNativeTarget "UnitConverterTests" */;
			buildPhases = (
				0DAA79BF1A0CA56A0041CD06 /* Sources */,
				0DAA79C01A0CA56A0041CD06 /* Frameworks */,
				0DAA79C11A0CA56A0041CD06 /* Resources */,
			);
			buildRules = (
			);
			dependencies = (
				0DAA79C51A0CA56A0041CD06 /* PBXTargetDependency */,
			);
			name = UnitConverterTests;
			productName = UnitConverterTests;
			productReference = 0DAA79C31A0CA56A0041CD06 /* UnitConverterTests.xctest */;
			productType = "com.apple.product-type.bundle.unit-test";
		};
/* End PBXNativeTarget section */

/* Begin PBXProject section */
		0DAA79A61A0CA56A0041CD06 /* Project object */ = {
			isa = PBXProject;
			attributes = {
				LastUpgradeCheck = 0610;
				ORGANIZATIONNAME = mud0107;
				TargetAttributes = {
					0DAA79AD1A0CA56A0041CD06 = {
						CreatedOnToolsVersion = 6.1;
						LastSwiftMigration = 0810;
					};
					0DAA79C21A0CA56A0041CD06 = {
						CreatedOnToolsVersion = 6.1;
						LastSwiftMigration = 0810;
						TestTargetID = 0DAA79AD1A0CA56A0041CD06;
					};
				};
			};
			buildConfigurationList = 0DAA79A91A0CA56A0041CD06 /* Build configuration list for PBXProject "UnitConverter" */;
			compatibilityVersion = "Xcode 3.2";
			developmentRegion = English;
			hasScannedForEncodings = 0;
			knownRegions = (
				en,
				Base,
			);
			mainGroup = 0DAA79A51A0CA56A0041CD06;
			productRefGroup = 0DAA79AF1A0CA56A0041CD06 /* Products */;
			projectDirPath = "";
			projectRoot = "";
			targets = (
				0DAA79AD1A0CA56A0041CD06 /* UnitConverter */,
				0DAA79C21A0CA56A0041CD06 /* UnitConverterTests */,
			);
		};
/* End PBXProject section */

/* Begin PBXResourcesBuildPhase section */
		0DAA79AC1A0CA56A0041CD06 /* Resources */ = {
			isa = PBXResourcesBuildPhase;
			buildActionMask = 2147483647;
			files = (
				0DAA79B91A0CA56A0041CD06 /* Main.storyboard in Resources */,
				0DAA79BE1A0CA56A0041CD06 /* LaunchScreen.xib in Resources */,
				0DAA79BB1A0CA56A0041CD06 /* Images.xcassets in Resources */,
			);
			runOnlyForDeploymentPostprocessing = 0;
		};
		0DAA79C11A0CA56A0041CD06 /* Resources */ = {
			isa = PBXResourcesBuildPhase;
			buildActionMask = 2147483647;
			files = (
			);
			runOnlyForDeploymentPostprocessing = 0;
		};
/* End PBXResourcesBuildPhase section */

/* Begin PBXSourcesBuildPhase section */
		0DAA79AA1A0CA56A0041CD06 /* Sources */ = {
			isa = PBXSourcesBuildPhase;
			buildActionMask = 2147483647;
			files = (
				0DAA79B61A0CA56A0041CD06 /* ViewController.swift in Sources */,
				0DAA79B41A0CA56A0041CD06 /* AppDelegate.swift in Sources */,
			);
			runOnlyForDeploymentPostprocessing = 0;
		};
		0DAA79BF1A0CA56A0041CD06 /* Sources */ = {
			isa = PBXSourcesBuildPhase;
			buildActionMask = 2147483647;
			files = (
				0DAA79CA1A0CA56A0041CD06 /* UnitConverterTests.swift in Sources */,
			);
			runOnlyForDeploymentPostprocessing = 0;
		};
/* End PBXSourcesBuildPhase section */

/* Begin PBXTargetDependency section */
		0DAA79C51A0CA56A0041CD06 /* PBXTargetDependency */ = {
			isa = PBXTargetDependency;
			target = 0DAA79AD1A0CA56A0041CD06 /* UnitConverter */;
			targetProxy = 0DAA79C41A0CA56A0041CD06 /* PBXContainerItemProxy */;
		};
/* End PBXTargetDependency section */

/* Begin PBXVariantGroup section */
		0DAA79B71A0CA56A0041CD06 /* Main.storyboard */ = {
			isa = PBXVariantGroup;
			children = (
				0DAA79B81A0CA56A0041CD06 /* Base */,
			);
			name = Main.storyboard;
			sourceTree = "<group>";
		};
		0DAA79BC1A0CA56A0041CD06 /* LaunchScreen.xib */ = {
			isa = PBXVariantGroup;
			children = (
				0DAA79BD1A0CA56A0041CD06 /* Base */,
			);
			name = LaunchScreen.xib;
			sourceTree = "<group>";
		};
/* End PBXVariantGroup section */

/* Begin XCBuildConfiguration section */
		0DAA79CB1A0CA56A0041CD06 /* Debug */ = {
			isa = XCBuildConfiguration;
			buildSettings = {
				ALWAYS_SEARCH_USER_PATHS = NO;
				CLANG_CXX_LANGUAGE_STANDARD = "gnu++0x";
				CLANG_CXX_LIBRARY = "libc++";
				CLANG_ENABLE_MODULES = YES;
				CLANG_ENABLE_OBJC_ARC = YES;
				CLANG_WARN_BOOL_CONVERSION = YES;
				CLANG_WARN_CONSTANT_CONVERSION = YES;
				CLANG_WARN_DIRECT_OBJC_ISA_USAGE = YES_ERROR;
				CLANG_WARN_EMPTY_BODY = YES;
				CLANG_WARN_ENUM_CONVERSION = YES;
				CLANG_WARN_INT_CONVERSION = YES;
				CLANG_WARN_OBJC_ROOT_CLASS = YES_ERROR;
				CLANG_WARN_UNREACHABLE_CODE = YES;
				CLANG_WARN__DUPLICATE_METHOD_MATCH = YES;
				"CODE_SIGN_IDENTITY[sdk=iphoneos*]" = "iPhone Developer";
				COPY_PHASE_STRIP = NO;
				ENABLE_STRICT_OBJC_MSGSEND = YES;
				GCC_C_LANGUAGE_STANDARD = gnu99;
				GCC_DYNAMIC_NO_PIC = NO;
				GCC_OPTIMIZATION_LEVEL = 0;
				GCC_PREPROCESSOR_DEFINITIONS = (
					"DEBUG=1",
					"$(inherited)",
				);
				GCC_SYMBOLS_PRIVATE_EXTERN = NO;
				GCC_WARN_64_TO_32_BIT_CONVERSION = YES;
				GCC_WARN_ABOUT_RETURN_TYPE = YES_ERROR;
				GCC_WARN_UNDECLARED_SELECTOR = YES;
				GCC_WARN_UNINITIALIZED_AUTOS = YES_AGGRESSIVE;
				GCC_WARN_UNUSED_FUNCTION = YES;
				GCC_WARN_UNUSED_VARIABLE = YES;
				IPHONEOS_DEPLOYMENT_TARGET = 8.1;
				MTL_ENABLE_DEBUG_INFO = YES;
				ONLY_ACTIVE_ARCH = YES;
				SDKROOT = iphoneos;
				SWIFT_OPTIMIZATION_LEVEL = "-Onone";
			};
			name = Debug;
		};
		0DAA79CC1A0CA56A0041CD06 /* Release */ = {
			isa = XCBuildConfiguration;
			buildSettings = {
				ALWAYS_SEARCH_USER_PATHS = NO;
				CLANG_CXX_LANGUAGE_STANDARD = "gnu++0x";
				CLANG_CXX_LIBRARY = "libc++";
				CLANG_ENABLE_MODULES = YES;
				CLANG_ENABLE_OBJC_ARC = YES;
				CLANG_WARN_BOOL_CONVERSION = YES;
				CLANG_WARN_CONSTANT_CONVERSION = YES;
				CLANG_WARN_DIRECT_OBJC_ISA_USAGE = YES_ERROR;
				CLANG_WARN_EMPTY_BODY = YES;
				CLANG_WARN_ENUM_CONVERSION = YES;
				CLANG_WARN_INT_CONVERSION = YES;
				CLANG_WARN_OBJC_ROOT_CLASS = YES_ERROR;
				CLANG_WARN_UNREACHABLE_CODE = YES;
				CLANG_WARN__DUPLICATE_METHOD_MATCH = YES;
				"CODE_SIGN_IDENTITY[sdk=iphoneos*]" = "iPhone Developer";
				COPY_PHASE_STRIP = YES;
				ENABLE_NS_ASSERTIONS = NO;
				ENABLE_STRICT_OBJC_MSGSEND = YES;
				GCC_C_LANGUAGE_STANDARD = gnu99;
				GCC_WARN_64_TO_32_BIT_CONVERSION = YES;
				GCC_WARN_ABOUT_RETURN_TYPE = YES_ERROR;
				GCC_WARN_UNDECLARED_SELECTOR = YES;
				GCC_WARN_UNINITIALIZED_AUTOS = YES_AGGRESSIVE;
				GCC_WARN_UNUSED_FUNCTION = YES;
				GCC_WARN_UNUSED_VARIABLE = YES;
				IPHONEOS_DEPLOYMENT_TARGET = 8.1;
				MTL_ENABLE_DEBUG_INFO = NO;
				SDKROOT = iphoneos;
				VALIDATE_PRODUCT = YES;
			};
			name = Release;
		};
		0DAA79CE1A0CA56A0041CD06 /* Debug */ = {
			isa = XCBuildConfiguration;
			buildSettings = {
				ASSETCATALOG_COMPILER_APPICON_NAME = AppIcon;
				INFOPLIST_FILE = UnitConverter/Info.plist;
				LD_RUNPATH_SEARCH_PATHS = "$(inherited) @executable_path/Frameworks";
				PRODUCT_NAME = "$(TARGET_NAME)";
				SWIFT_VERSION = 3.0;
			};
			name = Debug;
		};
		0DAA79CF1A0CA56A0041CD06 /* Release */ = {
			isa = XCBuildConfiguration;
			buildSettings = {
				ASSETCATALOG_COMPILER_APPICON_NAME = AppIcon;
				INFOPLIST_FILE = UnitConverter/Info.plist;
				LD_RUNPATH_SEARCH_PATHS = "$(inherited) @executable_path/Frameworks";
				PRODUCT_NAME = "$(TARGET_NAME)";
				SWIFT_VERSION = 3.0;
			};
			name = Release;
		};
		0DAA79D11A0CA56A0041CD06 /* Debug */ = {
			isa = XCBuildConfiguration;
			buildSettings = {
				BUNDLE_LOADER = "$(TEST_HOST)";
				FRAMEWORK_SEARCH_PATHS = (
					"$(SDKROOT)/Developer/Library/Frameworks",
					"$(inherited)",
				);
				GCC_PREPROCESSOR_DEFINITIONS = (
					"DEBUG=1",
					"$(inherited)",
				);
				INFOPLIST_FILE = UnitConverterTests/Info.plist;
				LD_RUNPATH_SEARCH_PATHS = "$(inherited) @executable_path/Frameworks @loader_path/Frameworks";
				PRODUCT_NAME = "$(TARGET_NAME)";
				SWIFT_VERSION = 3.0;
				TEST_HOST = "$(BUILT_PRODUCTS_DIR)/UnitConverter.app/UnitConverter";
			};
			name = Debug;
		};
		0DAA79D21A0CA56A0041CD06 /* Release */ = {
			isa = XCBuildConfiguration;
			buildSettings = {
				BUNDLE_LOADER = "$(TEST_HOST)";
				FRAMEWORK_SEARCH_PATHS = (
					"$(SDKROOT)/Developer/Library/Frameworks",
					"$(inherited)",
				);
				INFOPLIST_FILE = UnitConverterTests/Info.plist;
				LD_RUNPATH_SEARCH_PATHS = "$(inherited) @executable_path/Frameworks @loader_path/Frameworks";
				PRODUCT_NAME = "$(TARGET_NAME)";
				SWIFT_VERSION = 3.0;
				TEST_HOST = "$(BUILT_PRODUCTS_DIR)/UnitConverter.app/UnitConverter";
			};
			name = Release;
		};
/* End XCBuildConfiguration section */

/* Begin XCConfigurationList section */
		0DAA79A91A0CA56A0041CD06 /* Build configuration list for PBXProject "UnitConverter" */ = {
			isa = XCConfigurationList;
			buildConfigurations = (
				0DAA79CB1A0CA56A0041CD06 /* Debug */,
				0DAA79CC1A0CA56A0041CD06 /* Release */,
			);
			defaultConfigurationIsVisible = 0;
			defaultConfigurationName = Release;
		};
		0DAA79CD1A0CA56A0041CD06 /* Build configuration list for PBXNativeTarget "UnitConverter" */ = {
			isa = XCConfigurationList;
			buildConfigurations = (
				0DAA79CE1A0CA56A0041CD06 /* Debug */,
				0DAA79CF1A0CA56A0041CD06 /* Release */,
			);
			defaultConfigurationIsVisible = 0;
			defaultConfigurationName = Release;
		};
		0DAA79D01A0CA56A0041CD06 /* Build configuration list for PBXNativeTarget "UnitConverterTests" */ = {
			isa = XCConfigurationList;
			buildConfigurations = (
				0DAA79D11A0CA56A0041CD06 /* Debug */,
				0DAA79D21A0CA56A0041CD06 /* Release */,
			);
			defaultConfigurationIsVisible = 0;
			defaultConfigurationName = Release;
		};
/* End XCConfigurationList section */
	};
	rootObject = 0DAA79A61A0CA56A0041CD06 /* Project object */;
}
